
Microsoft Visual Studio Solution File, Format Version 12.00
# Visual Studio Version 17
VisualStudioVersion = 17.8.34330.188
MinimumVisualStudioVersion = 10.0.40219.1
Project("{FAE04EC0-301F-11D3-BF4B-00C04F79EFBC}") = "memehazi", "memehazi\memehazi.csproj", "{0CA23242-9845-4FC1-A3B1-5F9003A3ACBC}"
EndProject
Global
	GlobalSection(SolutionConfigurationPlatforms) = preSolution
		Debug|Any CPU = Debug|Any CPU
		Release|Any CPU = Release|Any CPU
	EndGlobalSection
	GlobalSection(ProjectConfigurationPlatforms) = postSolution
		{0CA23242-9845-4FC1-A3B1-5F9003A3ACBC}.Debug|Any CPU.ActiveCfg = Debug|Any CPU
		{0CA23242-9845-4FC1-A3B1-5F9003A3ACBC}.Debug|Any CPU.Build.0 = Debug|Any CPU
		{0CA23242-9845-4FC1-A3B1-5F9003A3ACBC}.Release|Any CPU.ActiveCfg = Release|Any CPU
		{0CA23242-9845-4FC1-A3B1-5F9003A3ACBC}.Release|Any CPU.Build.0 = Release|Any CPU
	EndGlobalSection
	GlobalSection(SolutionProperties) = preSolution
		HideSolutionNode = FALSE
	EndGlobalSection
	GlobalSection(ExtensibilityGlobals) = postSolution
		SolutionGuid = {D43056E9-11D0-4BD5-9FD9-4D71E51E07B5}
	EndGlobalSection
EndGlobal
