
Microsoft Visual Studio Solution File, Format Version 12.00
# Visual Studio Version 16
VisualStudioVersion = 16.0.29102.190
MinimumVisualStudioVersion = 10.0.40219.1
Project("{FAE04EC0-301F-11D3-BF4B-00C04F79EFBC}") = "tic_tac_toe", "tic_tac_toe\tic_tac_toe.csproj", "{D459E5ED-E444-4DA8-9152-026A01434C94}"
EndProject
Global
	GlobalSection(SolutionConfigurationPlatforms) = preSolution
		Debug|Any CPU = Debug|Any CPU
		Release|Any CPU = Release|Any CPU
	EndGlobalSection
	GlobalSection(ProjectConfigurationPlatforms) = postSolution
		{D459E5ED-E444-4DA8-9152-026A01434C94}.Debug|Any CPU.ActiveCfg = Debug|Any CPU
		{D459E5ED-E444-4DA8-9152-026A01434C94}.Debug|Any CPU.Build.0 = Debug|Any CPU
		{D459E5ED-E444-4DA8-9152-026A01434C94}.Release|Any CPU.ActiveCfg = Release|Any CPU
		{D459E5ED-E444-4DA8-9152-026A01434C94}.Release|Any CPU.Build.0 = Release|Any CPU
	EndGlobalSection
	GlobalSection(SolutionProperties) = preSolution
		HideSolutionNode = FALSE
	EndGlobalSection
	GlobalSection(ExtensibilityGlobals) = postSolution
		SolutionGuid = {898D4E8E-2376-4D88-B47E-0C91A590CAE8}
	EndGlobalSection
EndGlobal
