
Microsoft Visual Studio Solution File, Format Version 12.00
# Visual Studio Version 16
VisualStudioVersion = 16.0.29102.190
MinimumVisualStudioVersion = 10.0.40219.1
Project("{FAE04EC0-301F-11D3-BF4B-00C04F79EFBC}") = "WpfApp45", "WpfApp45\WpfApp45.csproj", "{5069B4DA-D891-4766-BE81-BE27583F0D1D}"
EndProject
Global
	GlobalSection(SolutionConfigurationPlatforms) = preSolution
		Debug|Any CPU = Debug|Any CPU
		Release|Any CPU = Release|Any CPU
	EndGlobalSection
	GlobalSection(ProjectConfigurationPlatforms) = postSolution
		{5069B4DA-D891-4766-BE81-BE27583F0D1D}.Debug|Any CPU.ActiveCfg = Debug|Any CPU
		{5069B4DA-D891-4766-BE81-BE27583F0D1D}.Debug|Any CPU.Build.0 = Debug|Any CPU
		{5069B4DA-D891-4766-BE81-BE27583F0D1D}.Release|Any CPU.ActiveCfg = Release|Any CPU
		{5069B4DA-D891-4766-BE81-BE27583F0D1D}.Release|Any CPU.Build.0 = Release|Any CPU
	EndGlobalSection
	GlobalSection(SolutionProperties) = preSolution
		HideSolutionNode = FALSE
	EndGlobalSection
	GlobalSection(ExtensibilityGlobals) = postSolution
		SolutionGuid = {FCA2C567-37B5-4D04-BAEC-F70FBE773B98}
	EndGlobalSection
EndGlobal
