
Microsoft Visual Studio Solution File, Format Version 12.00
# Visual Studio Version 16
VisualStudioVersion = 16.0.29102.190
MinimumVisualStudioVersion = 10.0.40219.1
Project("{FAE04EC0-301F-11D3-BF4B-00C04F79EFBC}") = "WpfApp44", "WpfApp44\WpfApp44.csproj", "{3F78344E-E357-4631-ABBF-38B2F0611446}"
EndProject
Global
	GlobalSection(SolutionConfigurationPlatforms) = preSolution
		Debug|Any CPU = Debug|Any CPU
		Release|Any CPU = Release|Any CPU
	EndGlobalSection
	GlobalSection(ProjectConfigurationPlatforms) = postSolution
		{3F78344E-E357-4631-ABBF-38B2F0611446}.Debug|Any CPU.ActiveCfg = Debug|Any CPU
		{3F78344E-E357-4631-ABBF-38B2F0611446}.Debug|Any CPU.Build.0 = Debug|Any CPU
		{3F78344E-E357-4631-ABBF-38B2F0611446}.Release|Any CPU.ActiveCfg = Release|Any CPU
		{3F78344E-E357-4631-ABBF-38B2F0611446}.Release|Any CPU.Build.0 = Release|Any CPU
	EndGlobalSection
	GlobalSection(SolutionProperties) = preSolution
		HideSolutionNode = FALSE
	EndGlobalSection
	GlobalSection(ExtensibilityGlobals) = postSolution
		SolutionGuid = {E31C455C-DD61-4325-A6DB-6E71CDD4F37F}
	EndGlobalSection
EndGlobal
