
Microsoft Visual Studio Solution File, Format Version 12.00
# Visual Studio Version 16
VisualStudioVersion = 16.0.29102.190
MinimumVisualStudioVersion = 10.0.40219.1
Project("{FAE04EC0-301F-11D3-BF4B-00C04F79EFBC}") = "WpfApp57", "WpfApp57\WpfApp57.csproj", "{6EDAFB24-DC31-4A6B-B687-757D93CBD324}"
EndProject
Global
	GlobalSection(SolutionConfigurationPlatforms) = preSolution
		Debug|Any CPU = Debug|Any CPU
		Release|Any CPU = Release|Any CPU
	EndGlobalSection
	GlobalSection(ProjectConfigurationPlatforms) = postSolution
		{6EDAFB24-DC31-4A6B-B687-757D93CBD324}.Debug|Any CPU.ActiveCfg = Debug|Any CPU
		{6EDAFB24-DC31-4A6B-B687-757D93CBD324}.Debug|Any CPU.Build.0 = Debug|Any CPU
		{6EDAFB24-DC31-4A6B-B687-757D93CBD324}.Release|Any CPU.ActiveCfg = Release|Any CPU
		{6EDAFB24-DC31-4A6B-B687-757D93CBD324}.Release|Any CPU.Build.0 = Release|Any CPU
	EndGlobalSection
	GlobalSection(SolutionProperties) = preSolution
		HideSolutionNode = FALSE
	EndGlobalSection
	GlobalSection(ExtensibilityGlobals) = postSolution
		SolutionGuid = {378F3AC2-8537-478F-BE34-7A24EF730ABE}
	EndGlobalSection
EndGlobal
