
Microsoft Visual Studio Solution File, Format Version 12.00
# Visual Studio Version 16
VisualStudioVersion = 16.0.29102.190
MinimumVisualStudioVersion = 10.0.40219.1
Project("{FAE04EC0-301F-11D3-BF4B-00C04F79EFBC}") = "WpfApp8", "WpfApp8\WpfApp8.csproj", "{EF57EE8D-ED18-488F-9CFC-29E0565187F3}"
EndProject
Global
	GlobalSection(SolutionConfigurationPlatforms) = preSolution
		Debug|Any CPU = Debug|Any CPU
		Release|Any CPU = Release|Any CPU
	EndGlobalSection
	GlobalSection(ProjectConfigurationPlatforms) = postSolution
		{EF57EE8D-ED18-488F-9CFC-29E0565187F3}.Debug|Any CPU.ActiveCfg = Debug|Any CPU
		{EF57EE8D-ED18-488F-9CFC-29E0565187F3}.Debug|Any CPU.Build.0 = Debug|Any CPU
		{EF57EE8D-ED18-488F-9CFC-29E0565187F3}.Release|Any CPU.ActiveCfg = Release|Any CPU
		{EF57EE8D-ED18-488F-9CFC-29E0565187F3}.Release|Any CPU.Build.0 = Release|Any CPU
	EndGlobalSection
	GlobalSection(SolutionProperties) = preSolution
		HideSolutionNode = FALSE
	EndGlobalSection
	GlobalSection(ExtensibilityGlobals) = postSolution
		SolutionGuid = {864B1CEA-D4D4-437D-AFD7-D2F193F042A9}
	EndGlobalSection
EndGlobal
