
Microsoft Visual Studio Solution File, Format Version 12.00
# Visual Studio Version 16
VisualStudioVersion = 16.0.29102.190
MinimumVisualStudioVersion = 10.0.40219.1
Project("{FAE04EC0-301F-11D3-BF4B-00C04F79EFBC}") = "WpfApp23", "WpfApp23\WpfApp23.csproj", "{399D631A-3C72-4C01-9CD3-FBAB00BCF776}"
EndProject
Global
	GlobalSection(SolutionConfigurationPlatforms) = preSolution
		Debug|Any CPU = Debug|Any CPU
		Release|Any CPU = Release|Any CPU
	EndGlobalSection
	GlobalSection(ProjectConfigurationPlatforms) = postSolution
		{399D631A-3C72-4C01-9CD3-FBAB00BCF776}.Debug|Any CPU.ActiveCfg = Debug|Any CPU
		{399D631A-3C72-4C01-9CD3-FBAB00BCF776}.Debug|Any CPU.Build.0 = Debug|Any CPU
		{399D631A-3C72-4C01-9CD3-FBAB00BCF776}.Release|Any CPU.ActiveCfg = Release|Any CPU
		{399D631A-3C72-4C01-9CD3-FBAB00BCF776}.Release|Any CPU.Build.0 = Release|Any CPU
	EndGlobalSection
	GlobalSection(SolutionProperties) = preSolution
		HideSolutionNode = FALSE
	EndGlobalSection
	GlobalSection(ExtensibilityGlobals) = postSolution
		SolutionGuid = {B61B30E1-365A-4234-81B1-6B72197941F2}
	EndGlobalSection
EndGlobal
